{
  "pins" : [
    {
      "identity" : "baseapi",
      "kind" : "remoteSourceControl",
      "location" : "https://github.com/serhii-londar/BaseAPI.git",
      "state" : {
        "revision" : "8e736fa8302647749fb1b4ebe3c59e920174a095",
        "version" : "0.2.1"
      }
    },
    {
      "identity" : "mobile-sdk-ios",
      "kind" : "remoteSourceControl",
      "location" : "https://github.com/crowdin/mobile-sdk-ios.git",
      "state" : {
        "revision" : "bf8a3b91f175014b1d6e7352bc3c4879232e5fa1",
        "version" : "1.4.3"
      }
    },
    {
      "identity" : "starscream",
      "kind" : "remoteSourceControl",
      "location" : "https://github.com/daltoniam/Starscream.git",
      "state" : {
        "revision" : "df8d82047f6654d8e4b655d1b1525c64e1059d21",
        "version" : "4.0.4"
      }
    }
  ],
  "version" : 2
}
