// !$*UTF8*$!
{
	archiveVersion = 1;
	classes = {
	};
	objectVersion = 55;
	objects = {

/* Begin PBXBuildFile section */
		84BB9E6C28F03DB30084AC1C /* CrowdIInTestOverTheAirTranslationApp.swift in Sources */ = {isa = PBXBuildFile; fileRef = 84BB9E6B28F03DB30084AC1C /* CrowdIInTestOverTheAirTranslationApp.swift */; };
		84BB9E6E28F03DB30084AC1C /* ContentView.swift in Sources */ = {isa = PBXBuildFile; fileRef = 84BB9E6D28F03DB30084AC1C /* ContentView.swift */; };
		84BB9E7028F03DB50084AC1C /* Assets.xcassets in Resources */ = {isa = PBXBuildFile; fileRef = 84BB9E6F28F03DB50084AC1C /* Assets.xcassets */; };
		84BB9E7328F03DB50084AC1C /* Preview Assets.xcassets in Resources */ = {isa = PBXBuildFile; fileRef = 84BB9E7228F03DB50084AC1C /* Preview Assets.xcassets */; };
		84BB9E7D28F03E150084AC1C /* Localizable.strings in Resources */ = {isa = PBXBuildFile; fileRef = 84BB9E7C28F03E150084AC1C /* Localizable.strings */; };
		CFC5DB49444F14BF05EA0504 /* Pods_CrowdIInTestOverTheAirTranslation.framework in Frameworks */ = {isa = PBXBuildFile; fileRef = AB78C529D11018529792B3B4 /* Pods_CrowdIInTestOverTheAirTranslation.framework */; };
/* End PBXBuildFile section */

/* Begin PBXFileReference section */
		065F6D7E7666579ABBAD7513 /* Pods-CrowdIInTestOverTheAirTranslation.debug.xcconfig */ = {isa = PBXFileReference; includeInIndex = 1; lastKnownFileType = text.xcconfig; name = "Pods-CrowdIInTestOverTheAirTranslation.debug.xcconfig"; path = "Target Support Files/Pods-CrowdIInTestOverTheAirTranslation/Pods-CrowdIInTestOverTheAirTranslation.debug.xcconfig"; sourceTree = "<group>"; };
		7F40D91EE3029A076F728FBC /* Pods-CrowdIInTestOverTheAirTranslation.release.xcconfig */ = {isa = PBXFileReference; includeInIndex = 1; lastKnownFileType = text.xcconfig; name = "Pods-CrowdIInTestOverTheAirTranslation.release.xcconfig"; path = "Target Support Files/Pods-CrowdIInTestOverTheAirTranslation/Pods-CrowdIInTestOverTheAirTranslation.release.xcconfig"; sourceTree = "<group>"; };
		84BB9E6828F03DB30084AC1C /* CrowdIInTestOverTheAirTranslation.app */ = {isa = PBXFileReference; explicitFileType = wrapper.application; includeInIndex = 0; path = CrowdIInTestOverTheAirTranslation.app; sourceTree = BUILT_PRODUCTS_DIR; };
		84BB9E6B28F03DB30084AC1C /* CrowdIInTestOverTheAirTranslationApp.swift */ = {isa = PBXFileReference; lastKnownFileType = sourcecode.swift; path = CrowdIInTestOverTheAirTranslationApp.swift; sourceTree = "<group>"; };
		84BB9E6D28F03DB30084AC1C /* ContentView.swift */ = {isa = PBXFileReference; lastKnownFileType = sourcecode.swift; path = ContentView.swift; sourceTree = "<group>"; };
		84BB9E6F28F03DB50084AC1C /* Assets.xcassets */ = {isa = PBXFileReference; lastKnownFileType = folder.assetcatalog; path = Assets.xcassets; sourceTree = "<group>"; };
		84BB9E7228F03DB50084AC1C /* Preview Assets.xcassets */ = {isa = PBXFileReference; lastKnownFileType = folder.assetcatalog; path = "Preview Assets.xcassets"; sourceTree = "<group>"; };
		84BB9E7C28F03E150084AC1C /* Localizable.strings */ = {isa = PBXFileReference; lastKnownFileType = text.plist.strings; path = Localizable.strings; sourceTree = "<group>"; };
		AB78C529D11018529792B3B4 /* Pods_CrowdIInTestOverTheAirTranslation.framework */ = {isa = PBXFileReference; explicitFileType = wrapper.framework; includeInIndex = 0; path = Pods_CrowdIInTestOverTheAirTranslation.framework; sourceTree = BUILT_PRODUCTS_DIR; };
/* End PBXFileReference section */

/* Begin PBXFrameworksBuildPhase section */
		84BB9E6528F03DB30084AC1C /* Frameworks */ = {
			isa = PBXFrameworksBuildPhase;
			buildActionMask = 2147483647;
			files = (
				CFC5DB49444F14BF05EA0504 /* Pods_CrowdIInTestOverTheAirTranslation.framework in Frameworks */,
			);
			runOnlyForDeploymentPostprocessing = 0;
		};
/* End PBXFrameworksBuildPhase section */

/* Begin PBXGroup section */
		84BB9E5F28F03DB30084AC1C = {
			isa = PBXGroup;
			children = (
				84BB9E6A28F03DB30084AC1C /* CrowdIInTestOverTheAirTranslation */,
				84BB9E6928F03DB30084AC1C /* Products */,
				85669E3DF3F7F7A0959392CA /* Pods */,
				BCE83F8D1DE863D21EA23C9A /* Frameworks */,
			);
			sourceTree = "<group>";
		};
		84BB9E6928F03DB30084AC1C /* Products */ = {
			isa = PBXGroup;
			children = (
				84BB9E6828F03DB30084AC1C /* CrowdIInTestOverTheAirTranslation.app */,
			);
			name = Products;
			sourceTree = "<group>";
		};
		84BB9E6A28F03DB30084AC1C /* CrowdIInTestOverTheAirTranslation */ = {
			isa = PBXGroup;
			children = (
				84BB9E6B28F03DB30084AC1C /* CrowdIInTestOverTheAirTranslationApp.swift */,
				84BB9E6D28F03DB30084AC1C /* ContentView.swift */,
				84BB9E6F28F03DB50084AC1C /* Assets.xcassets */,
				84BB9E7128F03DB50084AC1C /* Preview Content */,
				84BB9E7C28F03E150084AC1C /* Localizable.strings */,
			);
			path = CrowdIInTestOverTheAirTranslation;
			sourceTree = "<group>";
		};
		84BB9E7128F03DB50084AC1C /* Preview Content */ = {
			isa = PBXGroup;
			children = (
				84BB9E7228F03DB50084AC1C /* Preview Assets.xcassets */,
			);
			path = "Preview Content";
			sourceTree = "<group>";
		};
		85669E3DF3F7F7A0959392CA /* Pods */ = {
			isa = PBXGroup;
			children = (
				065F6D7E7666579ABBAD7513 /* Pods-CrowdIInTestOverTheAirTranslation.debug.xcconfig */,
				7F40D91EE3029A076F728FBC /* Pods-CrowdIInTestOverTheAirTranslation.release.xcconfig */,
			);
			path = Pods;
			sourceTree = "<group>";
		};
		BCE83F8D1DE863D21EA23C9A /* Frameworks */ = {
			isa = PBXGroup;
			children = (
				AB78C529D11018529792B3B4 /* Pods_CrowdIInTestOverTheAirTranslation.framework */,
			);
			name = Frameworks;
			sourceTree = "<group>";
		};
/* End PBXGroup section */

/* Begin PBXNativeTarget section */
		84BB9E6728F03DB30084AC1C /* CrowdIInTestOverTheAirTranslation */ = {
			isa = PBXNativeTarget;
			buildConfigurationList = 84BB9E7628F03DB50084AC1C /* Build configuration list for PBXNativeTarget "CrowdIInTestOverTheAirTranslation" */;
			buildPhases = (
				43CA89E30BFD46BE867513AA /* [CP] Check Pods Manifest.lock */,
				84BB9E6428F03DB30084AC1C /* Sources */,
				84BB9E6528F03DB30084AC1C /* Frameworks */,
				84BB9E6628F03DB30084AC1C /* Resources */,
				8F46EB7FBC68863F5AD3CDC2 /* [CP] Embed Pods Frameworks */,
			);
			buildRules = (
			);
			dependencies = (
			);
			name = CrowdIInTestOverTheAirTranslation;
			productName = CrowdIInTestOverTheAirTranslation;
			productReference = 84BB9E6828F03DB30084AC1C /* CrowdIInTestOverTheAirTranslation.app */;
			productType = "com.apple.product-type.application";
		};
/* End PBXNativeTarget section */

/* Begin PBXProject section */
		84BB9E6028F03DB30084AC1C /* Project object */ = {
			isa = PBXProject;
			attributes = {
				BuildIndependentTargetsInParallel = 1;
				LastSwiftUpdateCheck = 1340;
				LastUpgradeCheck = 1340;
				TargetAttributes = {
					84BB9E6728F03DB30084AC1C = {
						CreatedOnToolsVersion = 13.4.1;
					};
				};
			};
			buildConfigurationList = 84BB9E6328F03DB30084AC1C /* Build configuration list for PBXProject "CrowdIInTestOverTheAirTranslation" */;
			compatibilityVersion = "Xcode 13.0";
			developmentRegion = en;
			hasScannedForEncodings = 0;
			knownRegions = (
				en,
				Base,
			);
			mainGroup = 84BB9E5F28F03DB30084AC1C;
			productRefGroup = 84BB9E6928F03DB30084AC1C /* Products */;
			projectDirPath = "";
			projectRoot = "";
			targets = (
				84BB9E6728F03DB30084AC1C /* CrowdIInTestOverTheAirTranslation */,
			);
		};
/* End PBXProject section */

/* Begin PBXResourcesBuildPhase section */
		84BB9E6628F03DB30084AC1C /* Resources */ = {
			isa = PBXResourcesBuildPhase;
			buildActionMask = 2147483647;
			files = (
				84BB9E7328F03DB50084AC1C /* Preview Assets.xcassets in Resources */,
				84BB9E7D28F03E150084AC1C /* Localizable.strings in Resources */,
				84BB9E7028F03DB50084AC1C /* Assets.xcassets in Resources */,
			);
			runOnlyForDeploymentPostprocessing = 0;
		};
/* End PBXResourcesBuildPhase section */

/* Begin PBXShellScriptBuildPhase section */
		43CA89E30BFD46BE867513AA /* [CP] Check Pods Manifest.lock */ = {
			isa = PBXShellScriptBuildPhase;
			buildActionMask = 2147483647;
			files = (
			);
			inputFileListPaths = (
			);
			inputPaths = (
				"${PODS_PODFILE_DIR_PATH}/Podfile.lock",
				"${PODS_ROOT}/Manifest.lock",
			);
			name = "[CP] Check Pods Manifest.lock";
			outputFileListPaths = (
			);
			outputPaths = (
				"$(DERIVED_FILE_DIR)/Pods-CrowdIInTestOverTheAirTranslation-checkManifestLockResult.txt",
			);
			runOnlyForDeploymentPostprocessing = 0;
			shellPath = /bin/sh;
			shellScript = "diff \"${PODS_PODFILE_DIR_PATH}/Podfile.lock\" \"${PODS_ROOT}/Manifest.lock\" > /dev/null\nif [ $? != 0 ] ; then\n    # print error to STDERR\n    echo \"error: The sandbox is not in sync with the Podfile.lock. Run 'pod install' or update your CocoaPods installation.\" >&2\n    exit 1\nfi\n# This output is used by Xcode 'outputs' to avoid re-running this script phase.\necho \"SUCCESS\" > \"${SCRIPT_OUTPUT_FILE_0}\"\n";
			showEnvVarsInLog = 0;
		};
		8F46EB7FBC68863F5AD3CDC2 /* [CP] Embed Pods Frameworks */ = {
			isa = PBXShellScriptBuildPhase;
			buildActionMask = 2147483647;
			files = (
			);
			inputFileListPaths = (
				"${PODS_ROOT}/Target Support Files/Pods-CrowdIInTestOverTheAirTranslation/Pods-CrowdIInTestOverTheAirTranslation-frameworks-${CONFIGURATION}-input-files.xcfilelist",
			);
			name = "[CP] Embed Pods Frameworks";
			outputFileListPaths = (
				"${PODS_ROOT}/Target Support Files/Pods-CrowdIInTestOverTheAirTranslation/Pods-CrowdIInTestOverTheAirTranslation-frameworks-${CONFIGURATION}-output-files.xcfilelist",
			);
			runOnlyForDeploymentPostprocessing = 0;
			shellPath = /bin/sh;
			shellScript = "\"${PODS_ROOT}/Target Support Files/Pods-CrowdIInTestOverTheAirTranslation/Pods-CrowdIInTestOverTheAirTranslation-frameworks.sh\"\n";
			showEnvVarsInLog = 0;
		};
/* End PBXShellScriptBuildPhase section */

/* Begin PBXSourcesBuildPhase section */
		84BB9E6428F03DB30084AC1C /* Sources */ = {
			isa = PBXSourcesBuildPhase;
			buildActionMask = 2147483647;
			files = (
				84BB9E6E28F03DB30084AC1C /* ContentView.swift in Sources */,
				84BB9E6C28F03DB30084AC1C /* CrowdIInTestOverTheAirTranslationApp.swift in Sources */,
			);
			runOnlyForDeploymentPostprocessing = 0;
		};
/* End PBXSourcesBuildPhase section */

/* Begin XCBuildConfiguration section */
		84BB9E7428F03DB50084AC1C /* Debug */ = {
			isa = XCBuildConfiguration;
			buildSettings = {
				ALWAYS_SEARCH_USER_PATHS = NO;
				CLANG_ANALYZER_NONNULL = YES;
				CLANG_ANALYZER_NUMBER_OBJECT_CONVERSION = YES_AGGRESSIVE;
				CLANG_CXX_LANGUAGE_STANDARD = "gnu++17";
				CLANG_ENABLE_MODULES = YES;
				CLANG_ENABLE_OBJC_ARC = YES;
				CLANG_ENABLE_OBJC_WEAK = YES;
				CLANG_WARN_BLOCK_CAPTURE_AUTORELEASING = YES;
				CLANG_WARN_BOOL_CONVERSION = YES;
				CLANG_WARN_COMMA = YES;
				CLANG_WARN_CONSTANT_CONVERSION = YES;
				CLANG_WARN_DEPRECATED_OBJC_IMPLEMENTATIONS = YES;
				CLANG_WARN_DIRECT_OBJC_ISA_USAGE = YES_ERROR;
				CLANG_WARN_DOCUMENTATION_COMMENTS = YES;
				CLANG_WARN_EMPTY_BODY = YES;
				CLANG_WARN_ENUM_CONVERSION = YES;
				CLANG_WARN_INFINITE_RECURSION = YES;
				CLANG_WARN_INT_CONVERSION = YES;
				CLANG_WARN_NON_LITERAL_NULL_CONVERSION = YES;
				CLANG_WARN_OBJC_IMPLICIT_RETAIN_SELF = YES;
				CLANG_WARN_OBJC_LITERAL_CONVERSION = YES;
				CLANG_WARN_OBJC_ROOT_CLASS = YES_ERROR;
				CLANG_WARN_QUOTED_INCLUDE_IN_FRAMEWORK_HEADER = YES;
				CLANG_WARN_RANGE_LOOP_ANALYSIS = YES;
				CLANG_WARN_STRICT_PROTOTYPES = YES;
				CLANG_WARN_SUSPICIOUS_MOVE = YES;
				CLANG_WARN_UNGUARDED_AVAILABILITY = YES_AGGRESSIVE;
				CLANG_WARN_UNREACHABLE_CODE = YES;
				CLANG_WARN__DUPLICATE_METHOD_MATCH = YES;
				COPY_PHASE_STRIP = NO;
				DEBUG_INFORMATION_FORMAT = dwarf;
				ENABLE_STRICT_OBJC_MSGSEND = YES;
				ENABLE_TESTABILITY = YES;
				GCC_C_LANGUAGE_STANDARD = gnu11;
				GCC_DYNAMIC_NO_PIC = NO;
				GCC_NO_COMMON_BLOCKS = YES;
				GCC_OPTIMIZATION_LEVEL = 0;
				GCC_PREPROCESSOR_DEFINITIONS = (
					"DEBUG=1",
					"$(inherited)",
				);
				GCC_WARN_64_TO_32_BIT_CONVERSION = YES;
				GCC_WARN_ABOUT_RETURN_TYPE = YES_ERROR;
				GCC_WARN_UNDECLARED_SELECTOR = YES;
				GCC_WARN_UNINITIALIZED_AUTOS = YES_AGGRESSIVE;
				GCC_WARN_UNUSED_FUNCTION = YES;
				GCC_WARN_UNUSED_VARIABLE = YES;
				IPHONEOS_DEPLOYMENT_TARGET = 15.5;
				MTL_ENABLE_DEBUG_INFO = INCLUDE_SOURCE;
				MTL_FAST_MATH = YES;
				ONLY_ACTIVE_ARCH = YES;
				SDKROOT = iphoneos;
				SWIFT_ACTIVE_COMPILATION_CONDITIONS = DEBUG;
				SWIFT_OPTIMIZATION_LEVEL = "-Onone";
			};
			name = Debug;
		};
		84BB9E7528F03DB50084AC1C /* Release */ = {
			isa = XCBuildConfiguration;
			buildSettings = {
				ALWAYS_SEARCH_USER_PATHS = NO;
				CLANG_ANALYZER_NONNULL = YES;
				CLANG_ANALYZER_NUMBER_OBJECT_CONVERSION = YES_AGGRESSIVE;
				CLANG_CXX_LANGUAGE_STANDARD = "gnu++17";
				CLANG_ENABLE_MODULES = YES;
				CLANG_ENABLE_OBJC_ARC = YES;
				CLANG_ENABLE_OBJC_WEAK = YES;
				CLANG_WARN_BLOCK_CAPTURE_AUTORELEASING = YES;
				CLANG_WARN_BOOL_CONVERSION = YES;
				CLANG_WARN_COMMA = YES;
				CLANG_WARN_CONSTANT_CONVERSION = YES;
				CLANG_WARN_DEPRECATED_OBJC_IMPLEMENTATIONS = YES;
				CLANG_WARN_DIRECT_OBJC_ISA_USAGE = YES_ERROR;
				CLANG_WARN_DOCUMENTATION_COMMENTS = YES;
				CLANG_WARN_EMPTY_BODY = YES;
				CLANG_WARN_ENUM_CONVERSION = YES;
				CLANG_WARN_INFINITE_RECURSION = YES;
				CLANG_WARN_INT_CONVERSION = YES;
				CLANG_WARN_NON_LITERAL_NULL_CONVERSION = YES;
				CLANG_WARN_OBJC_IMPLICIT_RETAIN_SELF = YES;
				CLANG_WARN_OBJC_LITERAL_CONVERSION = YES;
				CLANG_WARN_OBJC_ROOT_CLASS = YES_ERROR;
				CLANG_WARN_QUOTED_INCLUDE_IN_FRAMEWORK_HEADER = YES;
				CLANG_WARN_RANGE_LOOP_ANALYSIS = YES;
				CLANG_WARN_STRICT_PROTOTYPES = YES;
				CLANG_WARN_SUSPICIOUS_MOVE = YES;
				CLANG_WARN_UNGUARDED_AVAILABILITY = YES_AGGRESSIVE;
				CLANG_WARN_UNREACHABLE_CODE = YES;
				CLANG_WARN__DUPLICATE_METHOD_MATCH = YES;
				COPY_PHASE_STRIP = NO;
				DEBUG_INFORMATION_FORMAT = "dwarf-with-dsym";
				ENABLE_NS_ASSERTIONS = NO;
				ENABLE_STRICT_OBJC_MSGSEND = YES;
				GCC_C_LANGUAGE_STANDARD = gnu11;
				GCC_NO_COMMON_BLOCKS = YES;
				GCC_WARN_64_TO_32_BIT_CONVERSION = YES;
				GCC_WARN_ABOUT_RETURN_TYPE = YES_ERROR;
				GCC_WARN_UNDECLARED_SELECTOR = YES;
				GCC_WARN_UNINITIALIZED_AUTOS = YES_AGGRESSIVE;
				GCC_WARN_UNUSED_FUNCTION = YES;
				GCC_WARN_UNUSED_VARIABLE = YES;
				IPHONEOS_DEPLOYMENT_TARGET = 15.5;
				MTL_ENABLE_DEBUG_INFO = NO;
				MTL_FAST_MATH = YES;
				SDKROOT = iphoneos;
				SWIFT_COMPILATION_MODE = wholemodule;
				SWIFT_OPTIMIZATION_LEVEL = "-O";
				VALIDATE_PRODUCT = YES;
			};
			name = Release;
		};
		84BB9E7728F03DB50084AC1C /* Debug */ = {
			isa = XCBuildConfiguration;
			baseConfigurationReference = 065F6D7E7666579ABBAD7513 /* Pods-CrowdIInTestOverTheAirTranslation.debug.xcconfig */;
			buildSettings = {
				ASSETCATALOG_COMPILER_APPICON_NAME = AppIcon;
				ASSETCATALOG_COMPILER_GLOBAL_ACCENT_COLOR_NAME = AccentColor;
				CODE_SIGN_STYLE = Automatic;
				CURRENT_PROJECT_VERSION = 1;
				DEVELOPMENT_ASSET_PATHS = "\"CrowdIInTestOverTheAirTranslation/Preview Content\"";
				DEVELOPMENT_TEAM = LA74W2Y6CY;
				ENABLE_PREVIEWS = YES;
				GENERATE_INFOPLIST_FILE = YES;
				INFOPLIST_KEY_UIApplicationSceneManifest_Generation = YES;
				INFOPLIST_KEY_UIApplicationSupportsIndirectInputEvents = YES;
				INFOPLIST_KEY_UILaunchScreen_Generation = YES;
				INFOPLIST_KEY_UISupportedInterfaceOrientations_iPad = "UIInterfaceOrientationPortrait UIInterfaceOrientationPortraitUpsideDown UIInterfaceOrientationLandscapeLeft UIInterfaceOrientationLandscapeRight";
				INFOPLIST_KEY_UISupportedInterfaceOrientations_iPhone = "UIInterfaceOrientationPortrait UIInterfaceOrientationLandscapeLeft UIInterfaceOrientationLandscapeRight";
				LD_RUNPATH_SEARCH_PATHS = (
					"$(inherited)",
					"@executable_path/Frameworks",
				);
				MARKETING_VERSION = 1.0;
				PRODUCT_BUNDLE_IDENTIFIER = com.gloomikon.CrowdIInTestOverTheAirTranslation;
				PRODUCT_NAME = "$(TARGET_NAME)";
				SWIFT_EMIT_LOC_STRINGS = YES;
				SWIFT_VERSION = 5.0;
				TARGETED_DEVICE_FAMILY = "1,2";
			};
			name = Debug;
		};
		84BB9E7828F03DB50084AC1C /* Release */ = {
			isa = XCBuildConfiguration;
			baseConfigurationReference = 7F40D91EE3029A076F728FBC /* Pods-CrowdIInTestOverTheAirTranslation.release.xcconfig */;
			buildSettings = {
				ASSETCATALOG_COMPILER_APPICON_NAME = AppIcon;
				ASSETCATALOG_COMPILER_GLOBAL_ACCENT_COLOR_NAME = AccentColor;
				CODE_SIGN_STYLE = Automatic;
				CURRENT_PROJECT_VERSION = 1;
				DEVELOPMENT_ASSET_PATHS = "\"CrowdIInTestOverTheAirTranslation/Preview Content\"";
				DEVELOPMENT_TEAM = LA74W2Y6CY;
				ENABLE_PREVIEWS = YES;
				GENERATE_INFOPLIST_FILE = YES;
				INFOPLIST_KEY_UIApplicationSceneManifest_Generation = YES;
				INFOPLIST_KEY_UIApplicationSupportsIndirectInputEvents = YES;
				INFOPLIST_KEY_UILaunchScreen_Generation = YES;
				INFOPLIST_KEY_UISupportedInterfaceOrientations_iPad = "UIInterfaceOrientationPortrait UIInterfaceOrientationPortraitUpsideDown UIInterfaceOrientationLandscapeLeft UIInterfaceOrientationLandscapeRight";
				INFOPLIST_KEY_UISupportedInterfaceOrientations_iPhone = "UIInterfaceOrientationPortrait UIInterfaceOrientationLandscapeLeft UIInterfaceOrientationLandscapeRight";
				LD_RUNPATH_SEARCH_PATHS = (
					"$(inherited)",
					"@executable_path/Frameworks",
				);
				MARKETING_VERSION = 1.0;
				PRODUCT_BUNDLE_IDENTIFIER = com.gloomikon.CrowdIInTestOverTheAirTranslation;
				PRODUCT_NAME = "$(TARGET_NAME)";
				SWIFT_EMIT_LOC_STRINGS = YES;
				SWIFT_VERSION = 5.0;
				TARGETED_DEVICE_FAMILY = "1,2";
			};
			name = Release;
		};
/* End XCBuildConfiguration section */

/* Begin XCConfigurationList section */
		84BB9E6328F03DB30084AC1C /* Build configuration list for PBXProject "CrowdIInTestOverTheAirTranslation" */ = {
			isa = XCConfigurationList;
			buildConfigurations = (
				84BB9E7428F03DB50084AC1C /* Debug */,
				84BB9E7528F03DB50084AC1C /* Release */,
			);
			defaultConfigurationIsVisible = 0;
			defaultConfigurationName = Release;
		};
		84BB9E7628F03DB50084AC1C /* Build configuration list for PBXNativeTarget "CrowdIInTestOverTheAirTranslation" */ = {
			isa = XCConfigurationList;
			buildConfigurations = (
				84BB9E7728F03DB50084AC1C /* Debug */,
				84BB9E7828F03DB50084AC1C /* Release */,
			);
			defaultConfigurationIsVisible = 0;
			defaultConfigurationName = Release;
		};
/* End XCConfigurationList section */
	};
	rootObject = 84BB9E6028F03DB30084AC1C /* Project object */;
}
